{
  "name": "static",
  "lockfileVersion": 3,
  "requires": true,
  "packages": {
    "": {
      "dependencies": {
        "leader-line": "^1.0.7",
        "plain-draggable": "^2.5.14"
      }
    },
    "node_modules/leader-line": {
      "version": "1.0.7",
      "resolved": "https://registry.npmjs.org/leader-line/-/leader-line-1.0.7.tgz",
      "integrity": "sha512-PhJpQLV7XychSIuGPD0TEqR9PgRYBbrhReaOcmHFOVtTw4dWKfUMAtOb7UP7xTsoib6sFzq2giQeOUHy7LCuJQ=="
    },
    "node_modules/plain-draggable": {
      "version": "2.5.14",
      "resolved": "https://registry.npmjs.org/plain-draggable/-/plain-draggable-2.5.14.tgz",
      "integrity": "sha512-jJUkj/2lQm6Z3vkbPCYIDiDiOG5aXic18OPld8o+hJ+ZDcuODVX1mKnRoePDugP+/KO/v9FALuQd+rhr+LLJ5w=="
    }
  }
}
